
Microsoft Visual Studio Solution File, Format Version 12.00
# Visual Studio Version 17
VisualStudioVersion = 17.0.31903.59
MinimumVisualStudioVersion = 10.0.40219.1
Project("{FAE04EC0-301F-11D3-BF4B-00C04F79EFBC}") = "StoreApp.Data", "StoreApp.Data\StoreApp.Data.csproj", "{A79B7266-82A5-4846-B355-17742E7F8FAB}"
EndProject
Project("{FAE04EC0-301F-11D3-BF4B-00C04F79EFBC}") = "StoreApp.Web", "StoreApp.Web\StoreApp.Web.csproj", "{A7432E76-DD0F-42F4-A960-31E009CA0A1F}"
EndProject
Global
	GlobalSection(SolutionConfigurationPlatforms) = preSolution
		Debug|Any CPU = Debug|Any CPU
		Release|Any CPU = Release|Any CPU
	EndGlobalSection
	GlobalSection(SolutionProperties) = preSolution
		HideSolutionNode = FALSE
	EndGlobalSection
	GlobalSection(ProjectConfigurationPlatforms) = postSolution
		{A79B7266-82A5-4846-B355-17742E7F8FAB}.Debug|Any CPU.ActiveCfg = Debug|Any CPU
		{A79B7266-82A5-4846-B355-17742E7F8FAB}.Debug|Any CPU.Build.0 = Debug|Any CPU
		{A79B7266-82A5-4846-B355-17742E7F8FAB}.Release|Any CPU.ActiveCfg = Release|Any CPU
		{A79B7266-82A5-4846-B355-17742E7F8FAB}.Release|Any CPU.Build.0 = Release|Any CPU
		{A7432E76-DD0F-42F4-A960-31E009CA0A1F}.Debug|Any CPU.ActiveCfg = Debug|Any CPU
		{A7432E76-DD0F-42F4-A960-31E009CA0A1F}.Debug|Any CPU.Build.0 = Debug|Any CPU
		{A7432E76-DD0F-42F4-A960-31E009CA0A1F}.Release|Any CPU.ActiveCfg = Release|Any CPU
		{A7432E76-DD0F-42F4-A960-31E009CA0A1F}.Release|Any CPU.Build.0 = Release|Any CPU
	EndGlobalSection
EndGlobal
